
Microsoft Visual Studio Solution File, Format Version 12.00
# Visual Studio Version 17
VisualStudioVersion = 17.7.34202.233
MinimumVisualStudioVersion = 10.0.40219.1
Project("{9A19103F-16F7-4668-BE54-9A1E7A4F7556}") = "FinteqLibraryApplication", "FinteqLibrary.csproj", "{B804F8F8-E0CF-4443-AA53-BC350CEE47CD}"
EndProject
Project("{9A19103F-16F7-4668-BE54-9A1E7A4F7556}") = "TestFinteqLibrary", "..\TestFinteqLibrary\TestFinteqLibrary.csproj", "{5CDD3CB9-C8E6-4321-8059-B3070F607C57}"
EndProject
Global
	GlobalSection(SolutionConfigurationPlatforms) = preSolution
		Debug|Any CPU = Debug|Any CPU
		Release|Any CPU = Release|Any CPU
	EndGlobalSection
	GlobalSection(ProjectConfigurationPlatforms) = postSolution
		{B804F8F8-E0CF-4443-AA53-BC350CEE47CD}.Debug|Any CPU.ActiveCfg = Debug|Any CPU
		{B804F8F8-E0CF-4443-AA53-BC350CEE47CD}.Debug|Any CPU.Build.0 = Debug|Any CPU
		{B804F8F8-E0CF-4443-AA53-BC350CEE47CD}.Release|Any CPU.ActiveCfg = Release|Any CPU
		{B804F8F8-E0CF-4443-AA53-BC350CEE47CD}.Release|Any CPU.Build.0 = Release|Any CPU
		{5CDD3CB9-C8E6-4321-8059-B3070F607C57}.Debug|Any CPU.ActiveCfg = Debug|Any CPU
		{5CDD3CB9-C8E6-4321-8059-B3070F607C57}.Debug|Any CPU.Build.0 = Debug|Any CPU
		{5CDD3CB9-C8E6-4321-8059-B3070F607C57}.Release|Any CPU.ActiveCfg = Release|Any CPU
		{5CDD3CB9-C8E6-4321-8059-B3070F607C57}.Release|Any CPU.Build.0 = Release|Any CPU
	EndGlobalSection
	GlobalSection(SolutionProperties) = preSolution
		HideSolutionNode = FALSE
	EndGlobalSection
	GlobalSection(ExtensibilityGlobals) = postSolution
		SolutionGuid = {DCEE56A3-EFBE-4556-976D-2A4256241119}
	EndGlobalSection
EndGlobal
